// !$*UTF8*$!
{
	archiveVersion = 1;
	classes = {
	};
	objectVersion = 55;
	objects = {

/* Begin PBXBuildFile section */
		0824A34E285823B3001F694A /* MemberViewController.swift in Sources */ = {isa = PBXBuildFile; fileRef = 0824A34D285823B3001F694A /* MemberViewController.swift */; };
		0824A35128582DA8001F694A /* MemberModel.swift in Sources */ = {isa = PBXBuildFile; fileRef = 0824A35028582DA8001F694A /* MemberModel.swift */; };
		0E3247B728548833000D9826 /* MainTabBarController.swift in Sources */ = {isa = PBXBuildFile; fileRef = 0E3247B628548833000D9826 /* MainTabBarController.swift */; };
		0E8356CB2854905A00BBF06A /* SplashViewController.swift in Sources */ = {isa = PBXBuildFile; fileRef = 0E8356CA2854905900BBF06A /* SplashViewController.swift */; };
		0E8356CE2854A56700BBF06A /* HomeViewController.swift in Sources */ = {isa = PBXBuildFile; fileRef = 0E8356CD2854A56700BBF06A /* HomeViewController.swift */; };
		0E8356D12854A5BF00BBF06A /* BikeViewController.swift in Sources */ = {isa = PBXBuildFile; fileRef = 0E8356D02854A5BF00BBF06A /* BikeViewController.swift */; };
		0E8356D42854A65400BBF06A /* RegisterViewController.swift in Sources */ = {isa = PBXBuildFile; fileRef = 0E8356D32854A65400BBF06A /* RegisterViewController.swift */; };
		0E8356D72854A66700BBF06A /* StoreViewController.swift in Sources */ = {isa = PBXBuildFile; fileRef = 0E8356D62854A66700BBF06A /* StoreViewController.swift */; };
		0E8356DA2854A67900BBF06A /* MyViewController.swift in Sources */ = {isa = PBXBuildFile; fileRef = 0E8356D92854A67900BBF06A /* MyViewController.swift */; };
		0EB01E2C28547FD900E20DCA /* SnapKit in Frameworks */ = {isa = PBXBuildFile; productRef = 0EB01E2B28547FD900E20DCA /* SnapKit */; };
		0EB01E2F28547FF200E20DCA /* Alamofire in Frameworks */ = {isa = PBXBuildFile; productRef = 0EB01E2E28547FF200E20DCA /* Alamofire */; };
		0EB01E35285480AD00E20DCA /* Kingfisher in Frameworks */ = {isa = PBXBuildFile; productRef = 0EB01E34285480AD00E20DCA /* Kingfisher */; };
		0EB01E38285480D500E20DCA /* RxCocoa in Frameworks */ = {isa = PBXBuildFile; productRef = 0EB01E37285480D500E20DCA /* RxCocoa */; };
		0EB01E3A285480D600E20DCA /* RxRelay in Frameworks */ = {isa = PBXBuildFile; productRef = 0EB01E39285480D500E20DCA /* RxRelay */; };
		0EB01E3C285480D600E20DCA /* RxSwift in Frameworks */ = {isa = PBXBuildFile; productRef = 0EB01E3B285480D600E20DCA /* RxSwift */; };
		0F91FC8A2858E1CE00AA51CE /* UIColor.swift in Sources */ = {isa = PBXBuildFile; fileRef = 0F91FC892858E1CE00AA51CE /* UIColor.swift */; };
		0F91FC8C2858E2E900AA51CE /* UIFont.swift in Sources */ = {isa = PBXBuildFile; fileRef = 0F91FC8B2858E2E900AA51CE /* UIFont.swift */; };
		0F91FC8F2858E42A00AA51CE /* SplashLogoImageView.swift in Sources */ = {isa = PBXBuildFile; fileRef = 0F91FC8E2858E42A00AA51CE /* SplashLogoImageView.swift */; };
		0F91FC942858EE9200AA51CE /* SplashViewModel.swift in Sources */ = {isa = PBXBuildFile; fileRef = 0F91FC932858EE9200AA51CE /* SplashViewModel.swift */; };
		0F91FC962858F4ED00AA51CE /* LogInSignInButton.swift in Sources */ = {isa = PBXBuildFile; fileRef = 0F91FC952858F4ED00AA51CE /* LogInSignInButton.swift */; };
		0FE7E29D28547BC9008084E3 /* AppDelegate.swift in Sources */ = {isa = PBXBuildFile; fileRef = 0FE7E29C28547BC9008084E3 /* AppDelegate.swift */; };
		0FE7E29F28547BC9008084E3 /* SceneDelegate.swift in Sources */ = {isa = PBXBuildFile; fileRef = 0FE7E29E28547BC9008084E3 /* SceneDelegate.swift */; };
		0FE7E2A628547BCA008084E3 /* Assets.xcassets in Resources */ = {isa = PBXBuildFile; fileRef = 0FE7E2A528547BCA008084E3 /* Assets.xcassets */; };
		0FE7E2A928547BCA008084E3 /* LaunchScreen.storyboard in Resources */ = {isa = PBXBuildFile; fileRef = 0FE7E2A728547BCA008084E3 /* LaunchScreen.storyboard */; };
		0FE7E2B428547BCB008084E3 /* RidingMateTests.swift in Sources */ = {isa = PBXBuildFile; fileRef = 0FE7E2B328547BCB008084E3 /* RidingMateTests.swift */; };
		0FE7E2BE28547BCB008084E3 /* RidingMateUITests.swift in Sources */ = {isa = PBXBuildFile; fileRef = 0FE7E2BD28547BCB008084E3 /* RidingMateUITests.swift */; };
		0FE7E2C028547BCB008084E3 /* RidingMateUITestsLaunchTests.swift in Sources */ = {isa = PBXBuildFile; fileRef = 0FE7E2BF28547BCB008084E3 /* RidingMateUITestsLaunchTests.swift */; };
		0FED207F2871CF4C00010337 /* SocialButton.swift in Sources */ = {isa = PBXBuildFile; fileRef = 0FED207E2871CF4C00010337 /* SocialButton.swift */; };
/* End PBXBuildFile section */

/* Begin PBXContainerItemProxy section */
		0FE7E2B028547BCB008084E3 /* PBXContainerItemProxy */ = {
			isa = PBXContainerItemProxy;
			containerPortal = 0FE7E29128547BC9008084E3 /* Project object */;
			proxyType = 1;
			remoteGlobalIDString = 0FE7E29828547BC9008084E3;
			remoteInfo = RidingMate;
		};
		0FE7E2BA28547BCB008084E3 /* PBXContainerItemProxy */ = {
			isa = PBXContainerItemProxy;
			containerPortal = 0FE7E29128547BC9008084E3 /* Project object */;
			proxyType = 1;
			remoteGlobalIDString = 0FE7E29828547BC9008084E3;
			remoteInfo = RidingMate;
		};
/* End PBXContainerItemProxy section */

/* Begin PBXFileReference section */
		0824A34D285823B3001F694A /* MemberViewController.swift */ = {isa = PBXFileReference; lastKnownFileType = sourcecode.swift; path = MemberViewController.swift; sourceTree = "<group>"; };
		0824A35028582DA8001F694A /* MemberModel.swift */ = {isa = PBXFileReference; lastKnownFileType = sourcecode.swift; path = MemberModel.swift; sourceTree = "<group>"; };
		0E3247B628548833000D9826 /* MainTabBarController.swift */ = {isa = PBXFileReference; lastKnownFileType = sourcecode.swift; path = MainTabBarController.swift; sourceTree = "<group>"; };
		0E8356CA2854905900BBF06A /* SplashViewController.swift */ = {isa = PBXFileReference; lastKnownFileType = sourcecode.swift; path = SplashViewController.swift; sourceTree = "<group>"; };
		0E8356CD2854A56700BBF06A /* HomeViewController.swift */ = {isa = PBXFileReference; lastKnownFileType = sourcecode.swift; path = HomeViewController.swift; sourceTree = "<group>"; };
		0E8356D02854A5BF00BBF06A /* BikeViewController.swift */ = {isa = PBXFileReference; lastKnownFileType = sourcecode.swift; path = BikeViewController.swift; sourceTree = "<group>"; };
		0E8356D32854A65400BBF06A /* RegisterViewController.swift */ = {isa = PBXFileReference; lastKnownFileType = sourcecode.swift; path = RegisterViewController.swift; sourceTree = "<group>"; };
		0E8356D62854A66700BBF06A /* StoreViewController.swift */ = {isa = PBXFileReference; lastKnownFileType = sourcecode.swift; path = StoreViewController.swift; sourceTree = "<group>"; };
		0E8356D92854A67900BBF06A /* MyViewController.swift */ = {isa = PBXFileReference; lastKnownFileType = sourcecode.swift; path = MyViewController.swift; sourceTree = "<group>"; };
		0F91FC892858E1CE00AA51CE /* UIColor.swift */ = {isa = PBXFileReference; lastKnownFileType = sourcecode.swift; path = UIColor.swift; sourceTree = "<group>"; };
		0F91FC8B2858E2E900AA51CE /* UIFont.swift */ = {isa = PBXFileReference; lastKnownFileType = sourcecode.swift; path = UIFont.swift; sourceTree = "<group>"; };
		0F91FC8E2858E42A00AA51CE /* SplashLogoImageView.swift */ = {isa = PBXFileReference; lastKnownFileType = sourcecode.swift; path = SplashLogoImageView.swift; sourceTree = "<group>"; };
		0F91FC932858EE9200AA51CE /* SplashViewModel.swift */ = {isa = PBXFileReference; lastKnownFileType = sourcecode.swift; path = SplashViewModel.swift; sourceTree = "<group>"; };
		0F91FC952858F4ED00AA51CE /* LogInSignInButton.swift */ = {isa = PBXFileReference; lastKnownFileType = sourcecode.swift; path = LogInSignInButton.swift; sourceTree = "<group>"; };
		0FE7E29928547BC9008084E3 /* RidingMate.app */ = {isa = PBXFileReference; explicitFileType = wrapper.application; includeInIndex = 0; path = RidingMate.app; sourceTree = BUILT_PRODUCTS_DIR; };
		0FE7E29C28547BC9008084E3 /* AppDelegate.swift */ = {isa = PBXFileReference; lastKnownFileType = sourcecode.swift; path = AppDelegate.swift; sourceTree = "<group>"; };
		0FE7E29E28547BC9008084E3 /* SceneDelegate.swift */ = {isa = PBXFileReference; lastKnownFileType = sourcecode.swift; path = SceneDelegate.swift; sourceTree = "<group>"; };
		0FE7E2A528547BCA008084E3 /* Assets.xcassets */ = {isa = PBXFileReference; lastKnownFileType = folder.assetcatalog; path = Assets.xcassets; sourceTree = "<group>"; };
		0FE7E2A828547BCA008084E3 /* Base */ = {isa = PBXFileReference; lastKnownFileType = file.storyboard; name = Base; path = Base.lproj/LaunchScreen.storyboard; sourceTree = "<group>"; };
		0FE7E2AA28547BCA008084E3 /* Info.plist */ = {isa = PBXFileReference; lastKnownFileType = text.plist.xml; path = Info.plist; sourceTree = "<group>"; };
		0FE7E2AF28547BCB008084E3 /* RidingMateTests.xctest */ = {isa = PBXFileReference; explicitFileType = wrapper.cfbundle; includeInIndex = 0; path = RidingMateTests.xctest; sourceTree = BUILT_PRODUCTS_DIR; };
		0FE7E2B328547BCB008084E3 /* RidingMateTests.swift */ = {isa = PBXFileReference; lastKnownFileType = sourcecode.swift; path = RidingMateTests.swift; sourceTree = "<group>"; };
		0FE7E2B928547BCB008084E3 /* RidingMateUITests.xctest */ = {isa = PBXFileReference; explicitFileType = wrapper.cfbundle; includeInIndex = 0; path = RidingMateUITests.xctest; sourceTree = BUILT_PRODUCTS_DIR; };
		0FE7E2BD28547BCB008084E3 /* RidingMateUITests.swift */ = {isa = PBXFileReference; lastKnownFileType = sourcecode.swift; path = RidingMateUITests.swift; sourceTree = "<group>"; };
		0FE7E2BF28547BCB008084E3 /* RidingMateUITestsLaunchTests.swift */ = {isa = PBXFileReference; lastKnownFileType = sourcecode.swift; path = RidingMateUITestsLaunchTests.swift; sourceTree = "<group>"; };
		0FED207E2871CF4C00010337 /* SocialButton.swift */ = {isa = PBXFileReference; lastKnownFileType = sourcecode.swift; path = SocialButton.swift; sourceTree = "<group>"; };
/* End PBXFileReference section */

/* Begin PBXFrameworksBuildPhase section */
		0FE7E29628547BC9008084E3 /* Frameworks */ = {
			isa = PBXFrameworksBuildPhase;
			buildActionMask = 2147483647;
			files = (
				0EB01E3A285480D600E20DCA /* RxRelay in Frameworks */,
				0EB01E35285480AD00E20DCA /* Kingfisher in Frameworks */,
				0EB01E2C28547FD900E20DCA /* SnapKit in Frameworks */,
				0EB01E38285480D500E20DCA /* RxCocoa in Frameworks */,
				0EB01E2F28547FF200E20DCA /* Alamofire in Frameworks */,
				0EB01E3C285480D600E20DCA /* RxSwift in Frameworks */,
			);
			runOnlyForDeploymentPostprocessing = 0;
		};
		0FE7E2AC28547BCB008084E3 /* Frameworks */ = {
			isa = PBXFrameworksBuildPhase;
			buildActionMask = 2147483647;
			files = (
			);
			runOnlyForDeploymentPostprocessing = 0;
		};
		0FE7E2B628547BCB008084E3 /* Frameworks */ = {
			isa = PBXFrameworksBuildPhase;
			buildActionMask = 2147483647;
			files = (
			);
			runOnlyForDeploymentPostprocessing = 0;
		};
/* End PBXFrameworksBuildPhase section */

/* Begin PBXGroup section */
		0824A34C2858237C001F694A /* Member */ = {
			isa = PBXGroup;
			children = (
				0FED207D2871CEC500010337 /* Model */,
				0FED207C2871CEC300010337 /* View */,
				0FED207B2871CEBE00010337 /* ViewModel */,
				0FED207A2871CEBA00010337 /* Controller */,
			);
			path = Member;
			sourceTree = "<group>";
		};
		0E8356C92854904C00BBF06A /* Splash */ = {
			isa = PBXGroup;
			children = (
				0F91FC912858E70800AA51CE /* ViewModel */,
				0F91FC8D2858E42100AA51CE /* View */,
				0F91FC902858E6F700AA51CE /* Controller */,
			);
			path = Splash;
			sourceTree = "<group>";
		};
		0E8356CC2854988100BBF06A /* Home */ = {
			isa = PBXGroup;
			children = (
				0F09047D287AC437003514B0 /* Model */,
				0F09047C287AC435003514B0 /* View */,
				0F09047B287AC432003514B0 /* ViewModel */,
				0F09047A287AC42E003514B0 /* Controller */,
			);
			path = Home;
			sourceTree = "<group>";
		};
		0E8356CF2854A59C00BBF06A /* Bike */ = {
			isa = PBXGroup;
			children = (
				0E8356D02854A5BF00BBF06A /* BikeViewController.swift */,
			);
			path = Bike;
			sourceTree = "<group>";
		};
		0E8356D22854A5C400BBF06A /* Register */ = {
			isa = PBXGroup;
			children = (
				0E8356D32854A65400BBF06A /* RegisterViewController.swift */,
			);
			path = Register;
			sourceTree = "<group>";
		};
		0E8356D52854A65700BBF06A /* Store */ = {
			isa = PBXGroup;
			children = (
				0E8356D62854A66700BBF06A /* StoreViewController.swift */,
			);
			path = Store;
			sourceTree = "<group>";
		};
		0E8356D82854A66C00BBF06A /* My */ = {
			isa = PBXGroup;
			children = (
				0E8356D92854A67900BBF06A /* MyViewController.swift */,
			);
			path = My;
			sourceTree = "<group>";
		};
		0F09047A287AC42E003514B0 /* Controller */ = {
			isa = PBXGroup;
			children = (
				0E8356CD2854A56700BBF06A /* HomeViewController.swift */,
			);
			path = Controller;
			sourceTree = "<group>";
		};
		0F09047B287AC432003514B0 /* ViewModel */ = {
			isa = PBXGroup;
			children = (
			);
			path = ViewModel;
			sourceTree = "<group>";
		};
		0F09047C287AC435003514B0 /* View */ = {
			isa = PBXGroup;
			children = (
			);
			path = View;
			sourceTree = "<group>";
		};
		0F09047D287AC437003514B0 /* Model */ = {
			isa = PBXGroup;
			children = (
			);
			path = Model;
			sourceTree = "<group>";
		};
		0F91FC882858E1B300AA51CE /* Extension */ = {
			isa = PBXGroup;
			children = (
				0F91FC892858E1CE00AA51CE /* UIColor.swift */,
				0F91FC8B2858E2E900AA51CE /* UIFont.swift */,
			);
			path = Extension;
			sourceTree = "<group>";
		};
		0F91FC8D2858E42100AA51CE /* View */ = {
			isa = PBXGroup;
			children = (
				0F91FC8E2858E42A00AA51CE /* SplashLogoImageView.swift */,
				0F91FC952858F4ED00AA51CE /* LogInSignInButton.swift */,
			);
			path = View;
			sourceTree = "<group>";
		};
		0F91FC902858E6F700AA51CE /* Controller */ = {
			isa = PBXGroup;
			children = (
				0E8356CA2854905900BBF06A /* SplashViewController.swift */,
			);
			path = Controller;
			sourceTree = "<group>";
		};
		0F91FC912858E70800AA51CE /* ViewModel */ = {
			isa = PBXGroup;
			children = (
				0F91FC932858EE9200AA51CE /* SplashViewModel.swift */,
			);
			path = ViewModel;
			sourceTree = "<group>";
		};
		0FE7E29028547BC9008084E3 = {
			isa = PBXGroup;
			children = (
				0FE7E29B28547BC9008084E3 /* RidingMate */,
				0FE7E2B228547BCB008084E3 /* RidingMateTests */,
				0FE7E2BC28547BCB008084E3 /* RidingMateUITests */,
				0FE7E29A28547BC9008084E3 /* Products */,
			);
			sourceTree = "<group>";
		};
		0FE7E29A28547BC9008084E3 /* Products */ = {
			isa = PBXGroup;
			children = (
				0FE7E29928547BC9008084E3 /* RidingMate.app */,
				0FE7E2AF28547BCB008084E3 /* RidingMateTests.xctest */,
				0FE7E2B928547BCB008084E3 /* RidingMateUITests.xctest */,
			);
			name = Products;
			sourceTree = "<group>";
		};
		0FE7E29B28547BC9008084E3 /* RidingMate */ = {
			isa = PBXGroup;
			children = (
				0FE7E29C28547BC9008084E3 /* AppDelegate.swift */,
				0FE7E29E28547BC9008084E3 /* SceneDelegate.swift */,
				0E3247B628548833000D9826 /* MainTabBarController.swift */,
				0824A34C2858237C001F694A /* Member */,
				0E8356C92854904C00BBF06A /* Splash */,
				0E8356CC2854988100BBF06A /* Home */,
				0E8356CF2854A59C00BBF06A /* Bike */,
				0E8356D22854A5C400BBF06A /* Register */,
				0E8356D52854A65700BBF06A /* Store */,
				0E8356D82854A66C00BBF06A /* My */,
				0F91FC882858E1B300AA51CE /* Extension */,
				0FE7E2A528547BCA008084E3 /* Assets.xcassets */,
				0FE7E2A728547BCA008084E3 /* LaunchScreen.storyboard */,
				0FE7E2AA28547BCA008084E3 /* Info.plist */,
			);
			path = RidingMate;
			sourceTree = "<group>";
		};
		0FE7E2B228547BCB008084E3 /* RidingMateTests */ = {
			isa = PBXGroup;
			children = (
				0FE7E2B328547BCB008084E3 /* RidingMateTests.swift */,
			);
			path = RidingMateTests;
			sourceTree = "<group>";
		};
		0FE7E2BC28547BCB008084E3 /* RidingMateUITests */ = {
			isa = PBXGroup;
			children = (
				0FE7E2BD28547BCB008084E3 /* RidingMateUITests.swift */,
				0FE7E2BF28547BCB008084E3 /* RidingMateUITestsLaunchTests.swift */,
			);
			path = RidingMateUITests;
			sourceTree = "<group>";
		};
		0FED207A2871CEBA00010337 /* Controller */ = {
			isa = PBXGroup;
			children = (
				0824A34D285823B3001F694A /* MemberViewController.swift */,
			);
			path = Controller;
			sourceTree = "<group>";
		};
		0FED207B2871CEBE00010337 /* ViewModel */ = {
			isa = PBXGroup;
			children = (
			);
			path = ViewModel;
			sourceTree = "<group>";
		};
		0FED207C2871CEC300010337 /* View */ = {
			isa = PBXGroup;
			children = (
				0FED207E2871CF4C00010337 /* SocialButton.swift */,
			);
			path = View;
			sourceTree = "<group>";
		};
		0FED207D2871CEC500010337 /* Model */ = {
			isa = PBXGroup;
			children = (
				0824A35028582DA8001F694A /* MemberModel.swift */,
			);
			path = Model;
			sourceTree = "<group>";
		};
/* End PBXGroup section */

/* Begin PBXNativeTarget section */
		0FE7E29828547BC9008084E3 /* RidingMate */ = {
			isa = PBXNativeTarget;
			buildConfigurationList = 0FE7E2C328547BCB008084E3 /* Build configuration list for PBXNativeTarget "RidingMate" */;
			buildPhases = (
				0FE7E29528547BC9008084E3 /* Sources */,
				0FE7E29628547BC9008084E3 /* Frameworks */,
				0FE7E29728547BC9008084E3 /* Resources */,
			);
			buildRules = (
			);
			dependencies = (
			);
			name = RidingMate;
			packageProductDependencies = (
				0EB01E2B28547FD900E20DCA /* SnapKit */,
				0EB01E2E28547FF200E20DCA /* Alamofire */,
				0EB01E34285480AD00E20DCA /* Kingfisher */,
				0EB01E37285480D500E20DCA /* RxCocoa */,
				0EB01E39285480D500E20DCA /* RxRelay */,
				0EB01E3B285480D600E20DCA /* RxSwift */,
			);
			productName = RidingMate;
			productReference = 0FE7E29928547BC9008084E3 /* RidingMate.app */;
			productType = "com.apple.product-type.application";
		};
		0FE7E2AE28547BCB008084E3 /* RidingMateTests */ = {
			isa = PBXNativeTarget;
			buildConfigurationList = 0FE7E2C628547BCB008084E3 /* Build configuration list for PBXNativeTarget "RidingMateTests" */;
			buildPhases = (
				0FE7E2AB28547BCB008084E3 /* Sources */,
				0FE7E2AC28547BCB008084E3 /* Frameworks */,
				0FE7E2AD28547BCB008084E3 /* Resources */,
			);
			buildRules = (
			);
			dependencies = (
				0FE7E2B128547BCB008084E3 /* PBXTargetDependency */,
			);
			name = RidingMateTests;
			productName = RidingMateTests;
			productReference = 0FE7E2AF28547BCB008084E3 /* RidingMateTests.xctest */;
			productType = "com.apple.product-type.bundle.unit-test";
		};
		0FE7E2B828547BCB008084E3 /* RidingMateUITests */ = {
			isa = PBXNativeTarget;
			buildConfigurationList = 0FE7E2C928547BCB008084E3 /* Build configuration list for PBXNativeTarget "RidingMateUITests" */;
			buildPhases = (
				0FE7E2B528547BCB008084E3 /* Sources */,
				0FE7E2B628547BCB008084E3 /* Frameworks */,
				0FE7E2B728547BCB008084E3 /* Resources */,
			);
			buildRules = (
			);
			dependencies = (
				0FE7E2BB28547BCB008084E3 /* PBXTargetDependency */,
			);
			name = RidingMateUITests;
			productName = RidingMateUITests;
			productReference = 0FE7E2B928547BCB008084E3 /* RidingMateUITests.xctest */;
			productType = "com.apple.product-type.bundle.ui-testing";
		};
/* End PBXNativeTarget section */

/* Begin PBXProject section */
		0FE7E29128547BC9008084E3 /* Project object */ = {
			isa = PBXProject;
			attributes = {
				BuildIndependentTargetsInParallel = 1;
				LastSwiftUpdateCheck = 1340;
				LastUpgradeCheck = 1340;
				TargetAttributes = {
					0FE7E29828547BC9008084E3 = {
						CreatedOnToolsVersion = 13.4.1;
					};
					0FE7E2AE28547BCB008084E3 = {
						CreatedOnToolsVersion = 13.4.1;
						TestTargetID = 0FE7E29828547BC9008084E3;
					};
					0FE7E2B828547BCB008084E3 = {
						CreatedOnToolsVersion = 13.4.1;
						TestTargetID = 0FE7E29828547BC9008084E3;
					};
				};
			};
			buildConfigurationList = 0FE7E29428547BC9008084E3 /* Build configuration list for PBXProject "RidingMate" */;
			compatibilityVersion = "Xcode 13.0";
			developmentRegion = en;
			hasScannedForEncodings = 0;
			knownRegions = (
				en,
				Base,
			);
			mainGroup = 0FE7E29028547BC9008084E3;
			packageReferences = (
				0EB01E2A28547FD900E20DCA /* XCRemoteSwiftPackageReference "SnapKit" */,
				0EB01E2D28547FF200E20DCA /* XCRemoteSwiftPackageReference "Alamofire" */,
				0EB01E33285480AD00E20DCA /* XCRemoteSwiftPackageReference "Kingfisher" */,
				0EB01E36285480D500E20DCA /* XCRemoteSwiftPackageReference "RxSwift" */,
			);
			productRefGroup = 0FE7E29A28547BC9008084E3 /* Products */;
			projectDirPath = "";
			projectRoot = "";
			targets = (
				0FE7E29828547BC9008084E3 /* RidingMate */,
				0FE7E2AE28547BCB008084E3 /* RidingMateTests */,
				0FE7E2B828547BCB008084E3 /* RidingMateUITests */,
			);
		};
/* End PBXProject section */

/* Begin PBXResourcesBuildPhase section */
		0FE7E29728547BC9008084E3 /* Resources */ = {
			isa = PBXResourcesBuildPhase;
			buildActionMask = 2147483647;
			files = (
				0FE7E2A928547BCA008084E3 /* LaunchScreen.storyboard in Resources */,
				0FE7E2A628547BCA008084E3 /* Assets.xcassets in Resources */,
			);
			runOnlyForDeploymentPostprocessing = 0;
		};
		0FE7E2AD28547BCB008084E3 /* Resources */ = {
			isa = PBXResourcesBuildPhase;
			buildActionMask = 2147483647;
			files = (
			);
			runOnlyForDeploymentPostprocessing = 0;
		};
		0FE7E2B728547BCB008084E3 /* Resources */ = {
			isa = PBXResourcesBuildPhase;
			buildActionMask = 2147483647;
			files = (
			);
			runOnlyForDeploymentPostprocessing = 0;
		};
/* End PBXResourcesBuildPhase section */

/* Begin PBXSourcesBuildPhase section */
		0FE7E29528547BC9008084E3 /* Sources */ = {
			isa = PBXSourcesBuildPhase;
			buildActionMask = 2147483647;
			files = (
				0F91FC942858EE9200AA51CE /* SplashViewModel.swift in Sources */,
				0E8356D72854A66700BBF06A /* StoreViewController.swift in Sources */,
				0F91FC8A2858E1CE00AA51CE /* UIColor.swift in Sources */,
				0E8356CE2854A56700BBF06A /* HomeViewController.swift in Sources */,
				0FED207F2871CF4C00010337 /* SocialButton.swift in Sources */,
				0FE7E29D28547BC9008084E3 /* AppDelegate.swift in Sources */,
				0E8356D42854A65400BBF06A /* RegisterViewController.swift in Sources */,
				0E8356DA2854A67900BBF06A /* MyViewController.swift in Sources */,
				0FE7E29F28547BC9008084E3 /* SceneDelegate.swift in Sources */,
				0E8356D12854A5BF00BBF06A /* BikeViewController.swift in Sources */,
				0E3247B728548833000D9826 /* MainTabBarController.swift in Sources */,
				0F91FC8C2858E2E900AA51CE /* UIFont.swift in Sources */,
				0F91FC8F2858E42A00AA51CE /* SplashLogoImageView.swift in Sources */,
				0824A34E285823B3001F694A /* MemberViewController.swift in Sources */,
				0E8356CB2854905A00BBF06A /* SplashViewController.swift in Sources */,
				0824A35128582DA8001F694A /* MemberModel.swift in Sources */,
				0F91FC962858F4ED00AA51CE /* LogInSignInButton.swift in Sources */,
			);
			runOnlyForDeploymentPostprocessing = 0;
		};
		0FE7E2AB28547BCB008084E3 /* Sources */ = {
			isa = PBXSourcesBuildPhase;
			buildActionMask = 2147483647;
			files = (
				0FE7E2B428547BCB008084E3 /* RidingMateTests.swift in Sources */,
			);
			runOnlyForDeploymentPostprocessing = 0;
		};
		0FE7E2B528547BCB008084E3 /* Sources */ = {
			isa = PBXSourcesBuildPhase;
			buildActionMask = 2147483647;
			files = (
				0FE7E2C028547BCB008084E3 /* RidingMateUITestsLaunchTests.swift in Sources */,
				0FE7E2BE28547BCB008084E3 /* RidingMateUITests.swift in Sources */,
			);
			runOnlyForDeploymentPostprocessing = 0;
		};
/* End PBXSourcesBuildPhase section */

/* Begin PBXTargetDependency section */
		0FE7E2B128547BCB008084E3 /* PBXTargetDependency */ = {
			isa = PBXTargetDependency;
			target = 0FE7E29828547BC9008084E3 /* RidingMate */;
			targetProxy = 0FE7E2B028547BCB008084E3 /* PBXContainerItemProxy */;
		};
		0FE7E2BB28547BCB008084E3 /* PBXTargetDependency */ = {
			isa = PBXTargetDependency;
			target = 0FE7E29828547BC9008084E3 /* RidingMate */;
			targetProxy = 0FE7E2BA28547BCB008084E3 /* PBXContainerItemProxy */;
		};
/* End PBXTargetDependency section */

/* Begin PBXVariantGroup section */
		0FE7E2A728547BCA008084E3 /* LaunchScreen.storyboard */ = {
			isa = PBXVariantGroup;
			children = (
				0FE7E2A828547BCA008084E3 /* Base */,
			);
			name = LaunchScreen.storyboard;
			sourceTree = "<group>";
		};
/* End PBXVariantGroup section */

/* Begin XCBuildConfiguration section */
		0FE7E2C128547BCB008084E3 /* Debug */ = {
			isa = XCBuildConfiguration;
			buildSettings = {
				ALWAYS_SEARCH_USER_PATHS = NO;
				CLANG_ANALYZER_NONNULL = YES;
				CLANG_ANALYZER_NUMBER_OBJECT_CONVERSION = YES_AGGRESSIVE;
				CLANG_CXX_LANGUAGE_STANDARD = "gnu++17";
				CLANG_ENABLE_MODULES = YES;
				CLANG_ENABLE_OBJC_ARC = YES;
				CLANG_ENABLE_OBJC_WEAK = YES;
				CLANG_WARN_BLOCK_CAPTURE_AUTORELEASING = YES;
				CLANG_WARN_BOOL_CONVERSION = YES;
				CLANG_WARN_COMMA = YES;
				CLANG_WARN_CONSTANT_CONVERSION = YES;
				CLANG_WARN_DEPRECATED_OBJC_IMPLEMENTATIONS = YES;
				CLANG_WARN_DIRECT_OBJC_ISA_USAGE = YES_ERROR;
				CLANG_WARN_DOCUMENTATION_COMMENTS = YES;
				CLANG_WARN_EMPTY_BODY = YES;
				CLANG_WARN_ENUM_CONVERSION = YES;
				CLANG_WARN_INFINITE_RECURSION = YES;
				CLANG_WARN_INT_CONVERSION = YES;
				CLANG_WARN_NON_LITERAL_NULL_CONVERSION = YES;
				CLANG_WARN_OBJC_IMPLICIT_RETAIN_SELF = YES;
				CLANG_WARN_OBJC_LITERAL_CONVERSION = YES;
				CLANG_WARN_OBJC_ROOT_CLASS = YES_ERROR;
				CLANG_WARN_QUOTED_INCLUDE_IN_FRAMEWORK_HEADER = YES;
				CLANG_WARN_RANGE_LOOP_ANALYSIS = YES;
				CLANG_WARN_STRICT_PROTOTYPES = YES;
				CLANG_WARN_SUSPICIOUS_MOVE = YES;
				CLANG_WARN_UNGUARDED_AVAILABILITY = YES_AGGRESSIVE;
				CLANG_WARN_UNREACHABLE_CODE = YES;
				CLANG_WARN__DUPLICATE_METHOD_MATCH = YES;
				COPY_PHASE_STRIP = NO;
				DEBUG_INFORMATION_FORMAT = dwarf;
				ENABLE_STRICT_OBJC_MSGSEND = YES;
				ENABLE_TESTABILITY = YES;
				GCC_C_LANGUAGE_STANDARD = gnu11;
				GCC_DYNAMIC_NO_PIC = NO;
				GCC_NO_COMMON_BLOCKS = YES;
				GCC_OPTIMIZATION_LEVEL = 0;
				GCC_PREPROCESSOR_DEFINITIONS = (
					"DEBUG=1",
					"$(inherited)",
				);
				GCC_WARN_64_TO_32_BIT_CONVERSION = YES;
				GCC_WARN_ABOUT_RETURN_TYPE = YES_ERROR;
				GCC_WARN_UNDECLARED_SELECTOR = YES;
				GCC_WARN_UNINITIALIZED_AUTOS = YES_AGGRESSIVE;
				GCC_WARN_UNUSED_FUNCTION = YES;
				GCC_WARN_UNUSED_VARIABLE = YES;
				IPHONEOS_DEPLOYMENT_TARGET = 13.0;
				MTL_ENABLE_DEBUG_INFO = INCLUDE_SOURCE;
				MTL_FAST_MATH = YES;
				ONLY_ACTIVE_ARCH = YES;
				SDKROOT = iphoneos;
				SWIFT_ACTIVE_COMPILATION_CONDITIONS = DEBUG;
				SWIFT_OPTIMIZATION_LEVEL = "-Onone";
				SWIFT_VERSION = 5.0;
			};
			name = Debug;
		};
		0FE7E2C228547BCB008084E3 /* Release */ = {
			isa = XCBuildConfiguration;
			buildSettings = {
				ALWAYS_SEARCH_USER_PATHS = NO;
				CLANG_ANALYZER_NONNULL = YES;
				CLANG_ANALYZER_NUMBER_OBJECT_CONVERSION = YES_AGGRESSIVE;
				CLANG_CXX_LANGUAGE_STANDARD = "gnu++17";
				CLANG_ENABLE_MODULES = YES;
				CLANG_ENABLE_OBJC_ARC = YES;
				CLANG_ENABLE_OBJC_WEAK = YES;
				CLANG_WARN_BLOCK_CAPTURE_AUTORELEASING = YES;
				CLANG_WARN_BOOL_CONVERSION = YES;
				CLANG_WARN_COMMA = YES;
				CLANG_WARN_CONSTANT_CONVERSION = YES;
				CLANG_WARN_DEPRECATED_OBJC_IMPLEMENTATIONS = YES;
				CLANG_WARN_DIRECT_OBJC_ISA_USAGE = YES_ERROR;
				CLANG_WARN_DOCUMENTATION_COMMENTS = YES;
				CLANG_WARN_EMPTY_BODY = YES;
				CLANG_WARN_ENUM_CONVERSION = YES;
				CLANG_WARN_INFINITE_RECURSION = YES;
				CLANG_WARN_INT_CONVERSION = YES;
				CLANG_WARN_NON_LITERAL_NULL_CONVERSION = YES;
				CLANG_WARN_OBJC_IMPLICIT_RETAIN_SELF = YES;
				CLANG_WARN_OBJC_LITERAL_CONVERSION = YES;
				CLANG_WARN_OBJC_ROOT_CLASS = YES_ERROR;
				CLANG_WARN_QUOTED_INCLUDE_IN_FRAMEWORK_HEADER = YES;
				CLANG_WARN_RANGE_LOOP_ANALYSIS = YES;
				CLANG_WARN_STRICT_PROTOTYPES = YES;
				CLANG_WARN_SUSPICIOUS_MOVE = YES;
				CLANG_WARN_UNGUARDED_AVAILABILITY = YES_AGGRESSIVE;
				CLANG_WARN_UNREACHABLE_CODE = YES;
				CLANG_WARN__DUPLICATE_METHOD_MATCH = YES;
				COPY_PHASE_STRIP = NO;
				DEBUG_INFORMATION_FORMAT = "dwarf-with-dsym";
				ENABLE_NS_ASSERTIONS = NO;
				ENABLE_STRICT_OBJC_MSGSEND = YES;
				GCC_C_LANGUAGE_STANDARD = gnu11;
				GCC_NO_COMMON_BLOCKS = YES;
				GCC_WARN_64_TO_32_BIT_CONVERSION = YES;
				GCC_WARN_ABOUT_RETURN_TYPE = YES_ERROR;
				GCC_WARN_UNDECLARED_SELECTOR = YES;
				GCC_WARN_UNINITIALIZED_AUTOS = YES_AGGRESSIVE;
				GCC_WARN_UNUSED_FUNCTION = YES;
				GCC_WARN_UNUSED_VARIABLE = YES;
				IPHONEOS_DEPLOYMENT_TARGET = 13.0;
				MTL_ENABLE_DEBUG_INFO = NO;
				MTL_FAST_MATH = YES;
				SDKROOT = iphoneos;
				SWIFT_COMPILATION_MODE = wholemodule;
				SWIFT_OPTIMIZATION_LEVEL = "-O";
				SWIFT_VERSION = 5.0;
				VALIDATE_PRODUCT = YES;
			};
			name = Release;
		};
		0FE7E2C428547BCB008084E3 /* Debug */ = {
			isa = XCBuildConfiguration;
			buildSettings = {
				ASSETCATALOG_COMPILER_APPICON_NAME = AppIcon;
				ASSETCATALOG_COMPILER_GLOBAL_ACCENT_COLOR_NAME = AccentColor;
				CODE_SIGN_STYLE = Automatic;
				CURRENT_PROJECT_VERSION = 1;
				DEVELOPMENT_TEAM = M6FL2MH4H7;
				GENERATE_INFOPLIST_FILE = YES;
				INFOPLIST_FILE = RidingMate/Info.plist;
				INFOPLIST_KEY_UIApplicationSupportsIndirectInputEvents = YES;
				INFOPLIST_KEY_UILaunchStoryboardName = LaunchScreen;
				INFOPLIST_KEY_UISupportedInterfaceOrientations_iPad = "UIInterfaceOrientationPortrait UIInterfaceOrientationPortraitUpsideDown UIInterfaceOrientationLandscapeLeft UIInterfaceOrientationLandscapeRight";
				INFOPLIST_KEY_UISupportedInterfaceOrientations_iPhone = "UIInterfaceOrientationPortrait UIInterfaceOrientationLandscapeLeft UIInterfaceOrientationLandscapeRight";
				IPHONEOS_DEPLOYMENT_TARGET = 13.0;
				LD_RUNPATH_SEARCH_PATHS = (
					"$(inherited)",
					"@executable_path/Frameworks",
				);
				MARKETING_VERSION = 1.0;
				PRODUCT_BUNDLE_IDENTIFIER = com.rmc.RidingMate;
				PRODUCT_NAME = "$(TARGET_NAME)";
				SWIFT_EMIT_LOC_STRINGS = YES;
				SWIFT_VERSION = 5.0;
				TARGETED_DEVICE_FAMILY = 1;
			};
			name = Debug;
		};
		0FE7E2C528547BCB008084E3 /* Release */ = {
			isa = XCBuildConfiguration;
			buildSettings = {
				ASSETCATALOG_COMPILER_APPICON_NAME = AppIcon;
				ASSETCATALOG_COMPILER_GLOBAL_ACCENT_COLOR_NAME = AccentColor;
				CODE_SIGN_STYLE = Automatic;
				CURRENT_PROJECT_VERSION = 1;
				DEVELOPMENT_TEAM = M6FL2MH4H7;
				GENERATE_INFOPLIST_FILE = YES;
				INFOPLIST_FILE = RidingMate/Info.plist;
				INFOPLIST_KEY_UIApplicationSupportsIndirectInputEvents = YES;
				INFOPLIST_KEY_UILaunchStoryboardName = LaunchScreen;
				INFOPLIST_KEY_UISupportedInterfaceOrientations_iPad = "UIInterfaceOrientationPortrait UIInterfaceOrientationPortraitUpsideDown UIInterfaceOrientationLandscapeLeft UIInterfaceOrientationLandscapeRight";
				INFOPLIST_KEY_UISupportedInterfaceOrientations_iPhone = "UIInterfaceOrientationPortrait UIInterfaceOrientationLandscapeLeft UIInterfaceOrientationLandscapeRight";
				IPHONEOS_DEPLOYMENT_TARGET = 13.0;
				LD_RUNPATH_SEARCH_PATHS = (
					"$(inherited)",
					"@executable_path/Frameworks",
				);
				MARKETING_VERSION = 1.0;
				PRODUCT_BUNDLE_IDENTIFIER = com.rmc.RidingMate;
				PRODUCT_NAME = "$(TARGET_NAME)";
				SWIFT_EMIT_LOC_STRINGS = YES;
				SWIFT_VERSION = 5.0;
				TARGETED_DEVICE_FAMILY = 1;
			};
			name = Release;
		};
		0FE7E2C728547BCB008084E3 /* Debug */ = {
			isa = XCBuildConfiguration;
			buildSettings = {
				ALWAYS_EMBED_SWIFT_STANDARD_LIBRARIES = YES;
				BUNDLE_LOADER = "$(TEST_HOST)";
				CODE_SIGN_STYLE = Automatic;
				CURRENT_PROJECT_VERSION = 1;
				DEVELOPMENT_TEAM = M6FL2MH4H7;
				GENERATE_INFOPLIST_FILE = YES;
				IPHONEOS_DEPLOYMENT_TARGET = 15.5;
				MARKETING_VERSION = 1.0;
				PRODUCT_BUNDLE_IDENTIFIER = com.rmc.RidingMate.RidingMateTests;
				PRODUCT_NAME = "$(TARGET_NAME)";
				SWIFT_EMIT_LOC_STRINGS = NO;
				SWIFT_VERSION = 5.0;
				TARGETED_DEVICE_FAMILY = "1,2";
				TEST_HOST = "$(BUILT_PRODUCTS_DIR)/RidingMate.app/RidingMate";
			};
			name = Debug;
		};
		0FE7E2C828547BCB008084E3 /* Release */ = {
			isa = XCBuildConfiguration;
			buildSettings = {
				ALWAYS_EMBED_SWIFT_STANDARD_LIBRARIES = YES;
				BUNDLE_LOADER = "$(TEST_HOST)";
				CODE_SIGN_STYLE = Automatic;
				CURRENT_PROJECT_VERSION = 1;
				DEVELOPMENT_TEAM = M6FL2MH4H7;
				GENERATE_INFOPLIST_FILE = YES;
				IPHONEOS_DEPLOYMENT_TARGET = 15.5;
				MARKETING_VERSION = 1.0;
				PRODUCT_BUNDLE_IDENTIFIER = com.rmc.RidingMate.RidingMateTests;
				PRODUCT_NAME = "$(TARGET_NAME)";
				SWIFT_EMIT_LOC_STRINGS = NO;
				SWIFT_VERSION = 5.0;
				TARGETED_DEVICE_FAMILY = "1,2";
				TEST_HOST = "$(BUILT_PRODUCTS_DIR)/RidingMate.app/RidingMate";
			};
			name = Release;
		};
		0FE7E2CA28547BCB008084E3 /* Debug */ = {
			isa = XCBuildConfiguration;
			buildSettings = {
				ALWAYS_EMBED_SWIFT_STANDARD_LIBRARIES = YES;
				CODE_SIGN_STYLE = Automatic;
				CURRENT_PROJECT_VERSION = 1;
				DEVELOPMENT_TEAM = M6FL2MH4H7;
				GENERATE_INFOPLIST_FILE = YES;
				MARKETING_VERSION = 1.0;
				PRODUCT_BUNDLE_IDENTIFIER = com.rmc.RidingMate.RidingMateUITests;
				PRODUCT_NAME = "$(TARGET_NAME)";
				SWIFT_EMIT_LOC_STRINGS = NO;
				SWIFT_VERSION = 5.0;
				TARGETED_DEVICE_FAMILY = "1,2";
				TEST_TARGET_NAME = RidingMate;
			};
			name = Debug;
		};
		0FE7E2CB28547BCB008084E3 /* Release */ = {
			isa = XCBuildConfiguration;
			buildSettings = {
				ALWAYS_EMBED_SWIFT_STANDARD_LIBRARIES = YES;
				CODE_SIGN_STYLE = Automatic;
				CURRENT_PROJECT_VERSION = 1;
				DEVELOPMENT_TEAM = M6FL2MH4H7;
				GENERATE_INFOPLIST_FILE = YES;
				MARKETING_VERSION = 1.0;
				PRODUCT_BUNDLE_IDENTIFIER = com.rmc.RidingMate.RidingMateUITests;
				PRODUCT_NAME = "$(TARGET_NAME)";
				SWIFT_EMIT_LOC_STRINGS = NO;
				SWIFT_VERSION = 5.0;
				TARGETED_DEVICE_FAMILY = "1,2";
				TEST_TARGET_NAME = RidingMate;
			};
			name = Release;
		};
/* End XCBuildConfiguration section */

/* Begin XCConfigurationList section */
		0FE7E29428547BC9008084E3 /* Build configuration list for PBXProject "RidingMate" */ = {
			isa = XCConfigurationList;
			buildConfigurations = (
				0FE7E2C128547BCB008084E3 /* Debug */,
				0FE7E2C228547BCB008084E3 /* Release */,
			);
			defaultConfigurationIsVisible = 0;
			defaultConfigurationName = Release;
		};
		0FE7E2C328547BCB008084E3 /* Build configuration list for PBXNativeTarget "RidingMate" */ = {
			isa = XCConfigurationList;
			buildConfigurations = (
				0FE7E2C428547BCB008084E3 /* Debug */,
				0FE7E2C528547BCB008084E3 /* Release */,
			);
			defaultConfigurationIsVisible = 0;
			defaultConfigurationName = Release;
		};
		0FE7E2C628547BCB008084E3 /* Build configuration list for PBXNativeTarget "RidingMateTests" */ = {
			isa = XCConfigurationList;
			buildConfigurations = (
				0FE7E2C728547BCB008084E3 /* Debug */,
				0FE7E2C828547BCB008084E3 /* Release */,
			);
			defaultConfigurationIsVisible = 0;
			defaultConfigurationName = Release;
		};
		0FE7E2C928547BCB008084E3 /* Build configuration list for PBXNativeTarget "RidingMateUITests" */ = {
			isa = XCConfigurationList;
			buildConfigurations = (
				0FE7E2CA28547BCB008084E3 /* Debug */,
				0FE7E2CB28547BCB008084E3 /* Release */,
			);
			defaultConfigurationIsVisible = 0;
			defaultConfigurationName = Release;
		};
/* End XCConfigurationList section */

/* Begin XCRemoteSwiftPackageReference section */
		0EB01E2A28547FD900E20DCA /* XCRemoteSwiftPackageReference "SnapKit" */ = {
			isa = XCRemoteSwiftPackageReference;
			repositoryURL = "https://github.com/SnapKit/SnapKit";
			requirement = {
				kind = upToNextMajorVersion;
				minimumVersion = 5.0.0;
			};
		};
		0EB01E2D28547FF200E20DCA /* XCRemoteSwiftPackageReference "Alamofire" */ = {
			isa = XCRemoteSwiftPackageReference;
			repositoryURL = "https://github.com/Alamofire/Alamofire";
			requirement = {
				kind = upToNextMajorVersion;
				minimumVersion = 5.0.0;
			};
		};
		0EB01E33285480AD00E20DCA /* XCRemoteSwiftPackageReference "Kingfisher" */ = {
			isa = XCRemoteSwiftPackageReference;
			repositoryURL = "https://github.com/onevcat/Kingfisher";
			requirement = {
				kind = upToNextMajorVersion;
				minimumVersion = 7.0.0;
			};
		};
		0EB01E36285480D500E20DCA /* XCRemoteSwiftPackageReference "RxSwift" */ = {
			isa = XCRemoteSwiftPackageReference;
			repositoryURL = "https://github.com/ReactiveX/RxSwift";
			requirement = {
				kind = upToNextMajorVersion;
				minimumVersion = 6.0.0;
			};
		};
/* End XCRemoteSwiftPackageReference section */

/* Begin XCSwiftPackageProductDependency section */
		0EB01E2B28547FD900E20DCA /* SnapKit */ = {
			isa = XCSwiftPackageProductDependency;
			package = 0EB01E2A28547FD900E20DCA /* XCRemoteSwiftPackageReference "SnapKit" */;
			productName = SnapKit;
		};
		0EB01E2E28547FF200E20DCA /* Alamofire */ = {
			isa = XCSwiftPackageProductDependency;
			package = 0EB01E2D28547FF200E20DCA /* XCRemoteSwiftPackageReference "Alamofire" */;
			productName = Alamofire;
		};
		0EB01E34285480AD00E20DCA /* Kingfisher */ = {
			isa = XCSwiftPackageProductDependency;
			package = 0EB01E33285480AD00E20DCA /* XCRemoteSwiftPackageReference "Kingfisher" */;
			productName = Kingfisher;
		};
		0EB01E37285480D500E20DCA /* RxCocoa */ = {
			isa = XCSwiftPackageProductDependency;
			package = 0EB01E36285480D500E20DCA /* XCRemoteSwiftPackageReference "RxSwift" */;
			productName = RxCocoa;
		};
		0EB01E39285480D500E20DCA /* RxRelay */ = {
			isa = XCSwiftPackageProductDependency;
			package = 0EB01E36285480D500E20DCA /* XCRemoteSwiftPackageReference "RxSwift" */;
			productName = RxRelay;
		};
		0EB01E3B285480D600E20DCA /* RxSwift */ = {
			isa = XCSwiftPackageProductDependency;
			package = 0EB01E36285480D500E20DCA /* XCRemoteSwiftPackageReference "RxSwift" */;
			productName = RxSwift;
		};
/* End XCSwiftPackageProductDependency section */
	};
	rootObject = 0FE7E29128547BC9008084E3 /* Project object */;
}
