// !$*UTF8*$!
{
	archiveVersion = 1;
	classes = {
	};
	objectVersion = 55;
	objects = {

/* Begin PBXBuildFile section */
		0EB01E2C28547FD900E20DCA /* SnapKit in Frameworks */ = {isa = PBXBuildFile; productRef = 0EB01E2B28547FD900E20DCA /* SnapKit */; };
		0EB01E2F28547FF200E20DCA /* Alamofire in Frameworks */ = {isa = PBXBuildFile; productRef = 0EB01E2E28547FF200E20DCA /* Alamofire */; };
		0EB01E322854809600E20DCA /* swiftlint in Frameworks */ = {isa = PBXBuildFile; productRef = 0EB01E312854809600E20DCA /* swiftlint */; };
		0EB01E35285480AD00E20DCA /* Kingfisher in Frameworks */ = {isa = PBXBuildFile; productRef = 0EB01E34285480AD00E20DCA /* Kingfisher */; };
		0EB01E38285480D500E20DCA /* RxCocoa in Frameworks */ = {isa = PBXBuildFile; productRef = 0EB01E37285480D500E20DCA /* RxCocoa */; };
		0EB01E3A285480D600E20DCA /* RxRelay in Frameworks */ = {isa = PBXBuildFile; productRef = 0EB01E39285480D500E20DCA /* RxRelay */; };
		0EB01E3C285480D600E20DCA /* RxSwift in Frameworks */ = {isa = PBXBuildFile; productRef = 0EB01E3B285480D600E20DCA /* RxSwift */; };
		0FE7E29D28547BC9008084E3 /* AppDelegate.swift in Sources */ = {isa = PBXBuildFile; fileRef = 0FE7E29C28547BC9008084E3 /* AppDelegate.swift */; };
		0FE7E29F28547BC9008084E3 /* SceneDelegate.swift in Sources */ = {isa = PBXBuildFile; fileRef = 0FE7E29E28547BC9008084E3 /* SceneDelegate.swift */; };
		0FE7E2A628547BCA008084E3 /* Assets.xcassets in Resources */ = {isa = PBXBuildFile; fileRef = 0FE7E2A528547BCA008084E3 /* Assets.xcassets */; };
		0FE7E2A928547BCA008084E3 /* LaunchScreen.storyboard in Resources */ = {isa = PBXBuildFile; fileRef = 0FE7E2A728547BCA008084E3 /* LaunchScreen.storyboard */; };
		0FE7E2B428547BCB008084E3 /* RidingMateTests.swift in Sources */ = {isa = PBXBuildFile; fileRef = 0FE7E2B328547BCB008084E3 /* RidingMateTests.swift */; };
		0FE7E2BE28547BCB008084E3 /* RidingMateUITests.swift in Sources */ = {isa = PBXBuildFile; fileRef = 0FE7E2BD28547BCB008084E3 /* RidingMateUITests.swift */; };
		0FE7E2C028547BCB008084E3 /* RidingMateUITestsLaunchTests.swift in Sources */ = {isa = PBXBuildFile; fileRef = 0FE7E2BF28547BCB008084E3 /* RidingMateUITestsLaunchTests.swift */; };
/* End PBXBuildFile section */

/* Begin PBXContainerItemProxy section */
		0FE7E2B028547BCB008084E3 /* PBXContainerItemProxy */ = {
			isa = PBXContainerItemProxy;
			containerPortal = 0FE7E29128547BC9008084E3 /* Project object */;
			proxyType = 1;
			remoteGlobalIDString = 0FE7E29828547BC9008084E3;
			remoteInfo = RidingMate;
		};
		0FE7E2BA28547BCB008084E3 /* PBXContainerItemProxy */ = {
			isa = PBXContainerItemProxy;
			containerPortal = 0FE7E29128547BC9008084E3 /* Project object */;
			proxyType = 1;
			remoteGlobalIDString = 0FE7E29828547BC9008084E3;
			remoteInfo = RidingMate;
		};
/* End PBXContainerItemProxy section */

/* Begin PBXFileReference section */
		0FE7E29928547BC9008084E3 /* RidingMate.app */ = {isa = PBXFileReference; explicitFileType = wrapper.application; includeInIndex = 0; path = RidingMate.app; sourceTree = BUILT_PRODUCTS_DIR; };
		0FE7E29C28547BC9008084E3 /* AppDelegate.swift */ = {isa = PBXFileReference; lastKnownFileType = sourcecode.swift; path = AppDelegate.swift; sourceTree = "<group>"; };
		0FE7E29E28547BC9008084E3 /* SceneDelegate.swift */ = {isa = PBXFileReference; lastKnownFileType = sourcecode.swift; path = SceneDelegate.swift; sourceTree = "<group>"; };
		0FE7E2A528547BCA008084E3 /* Assets.xcassets */ = {isa = PBXFileReference; lastKnownFileType = folder.assetcatalog; path = Assets.xcassets; sourceTree = "<group>"; };
		0FE7E2A828547BCA008084E3 /* Base */ = {isa = PBXFileReference; lastKnownFileType = file.storyboard; name = Base; path = Base.lproj/LaunchScreen.storyboard; sourceTree = "<group>"; };
		0FE7E2AA28547BCA008084E3 /* Info.plist */ = {isa = PBXFileReference; lastKnownFileType = text.plist.xml; path = Info.plist; sourceTree = "<group>"; };
		0FE7E2AF28547BCB008084E3 /* RidingMateTests.xctest */ = {isa = PBXFileReference; explicitFileType = wrapper.cfbundle; includeInIndex = 0; path = RidingMateTests.xctest; sourceTree = BUILT_PRODUCTS_DIR; };
		0FE7E2B328547BCB008084E3 /* RidingMateTests.swift */ = {isa = PBXFileReference; lastKnownFileType = sourcecode.swift; path = RidingMateTests.swift; sourceTree = "<group>"; };
		0FE7E2B928547BCB008084E3 /* RidingMateUITests.xctest */ = {isa = PBXFileReference; explicitFileType = wrapper.cfbundle; includeInIndex = 0; path = RidingMateUITests.xctest; sourceTree = BUILT_PRODUCTS_DIR; };
		0FE7E2BD28547BCB008084E3 /* RidingMateUITests.swift */ = {isa = PBXFileReference; lastKnownFileType = sourcecode.swift; path = RidingMateUITests.swift; sourceTree = "<group>"; };
		0FE7E2BF28547BCB008084E3 /* RidingMateUITestsLaunchTests.swift */ = {isa = PBXFileReference; lastKnownFileType = sourcecode.swift; path = RidingMateUITestsLaunchTests.swift; sourceTree = "<group>"; };
/* End PBXFileReference section */

/* Begin PBXFrameworksBuildPhase section */
		0FE7E29628547BC9008084E3 /* Frameworks */ = {
			isa = PBXFrameworksBuildPhase;
			buildActionMask = 2147483647;
			files = (
				0EB01E3A285480D600E20DCA /* RxRelay in Frameworks */,
				0EB01E35285480AD00E20DCA /* Kingfisher in Frameworks */,
				0EB01E2C28547FD900E20DCA /* SnapKit in Frameworks */,
				0EB01E38285480D500E20DCA /* RxCocoa in Frameworks */,
				0EB01E322854809600E20DCA /* swiftlint in Frameworks */,
				0EB01E2F28547FF200E20DCA /* Alamofire in Frameworks */,
				0EB01E3C285480D600E20DCA /* RxSwift in Frameworks */,
			);
			runOnlyForDeploymentPostprocessing = 0;
		};
		0FE7E2AC28547BCB008084E3 /* Frameworks */ = {
			isa = PBXFrameworksBuildPhase;
			buildActionMask = 2147483647;
			files = (
			);
			runOnlyForDeploymentPostprocessing = 0;
		};
		0FE7E2B628547BCB008084E3 /* Frameworks */ = {
			isa = PBXFrameworksBuildPhase;
			buildActionMask = 2147483647;
			files = (
			);
			runOnlyForDeploymentPostprocessing = 0;
		};
/* End PBXFrameworksBuildPhase section */

/* Begin PBXGroup section */
		0FE7E29028547BC9008084E3 = {
			isa = PBXGroup;
			children = (
				0FE7E29B28547BC9008084E3 /* RidingMate */,
				0FE7E2B228547BCB008084E3 /* RidingMateTests */,
				0FE7E2BC28547BCB008084E3 /* RidingMateUITests */,
				0FE7E29A28547BC9008084E3 /* Products */,
			);
			sourceTree = "<group>";
		};
		0FE7E29A28547BC9008084E3 /* Products */ = {
			isa = PBXGroup;
			children = (
				0FE7E29928547BC9008084E3 /* RidingMate.app */,
				0FE7E2AF28547BCB008084E3 /* RidingMateTests.xctest */,
				0FE7E2B928547BCB008084E3 /* RidingMateUITests.xctest */,
			);
			name = Products;
			sourceTree = "<group>";
		};
		0FE7E29B28547BC9008084E3 /* RidingMate */ = {
			isa = PBXGroup;
			children = (
				0FE7E29C28547BC9008084E3 /* AppDelegate.swift */,
				0FE7E29E28547BC9008084E3 /* SceneDelegate.swift */,
				0FE7E2A528547BCA008084E3 /* Assets.xcassets */,
				0FE7E2A728547BCA008084E3 /* LaunchScreen.storyboard */,
				0FE7E2AA28547BCA008084E3 /* Info.plist */,
			);
			path = RidingMate;
			sourceTree = "<group>";
		};
		0FE7E2B228547BCB008084E3 /* RidingMateTests */ = {
			isa = PBXGroup;
			children = (
				0FE7E2B328547BCB008084E3 /* RidingMateTests.swift */,
			);
			path = RidingMateTests;
			sourceTree = "<group>";
		};
		0FE7E2BC28547BCB008084E3 /* RidingMateUITests */ = {
			isa = PBXGroup;
			children = (
				0FE7E2BD28547BCB008084E3 /* RidingMateUITests.swift */,
				0FE7E2BF28547BCB008084E3 /* RidingMateUITestsLaunchTests.swift */,
			);
			path = RidingMateUITests;
			sourceTree = "<group>";
		};
/* End PBXGroup section */

/* Begin PBXNativeTarget section */
		0FE7E29828547BC9008084E3 /* RidingMate */ = {
			isa = PBXNativeTarget;
			buildConfigurationList = 0FE7E2C328547BCB008084E3 /* Build configuration list for PBXNativeTarget "RidingMate" */;
			buildPhases = (
				0FE7E29528547BC9008084E3 /* Sources */,
				0FE7E29628547BC9008084E3 /* Frameworks */,
				0FE7E29728547BC9008084E3 /* Resources */,
			);
			buildRules = (
			);
			dependencies = (
			);
			name = RidingMate;
			packageProductDependencies = (
				0EB01E2B28547FD900E20DCA /* SnapKit */,
				0EB01E2E28547FF200E20DCA /* Alamofire */,
				0EB01E312854809600E20DCA /* swiftlint */,
				0EB01E34285480AD00E20DCA /* Kingfisher */,
				0EB01E37285480D500E20DCA /* RxCocoa */,
				0EB01E39285480D500E20DCA /* RxRelay */,
				0EB01E3B285480D600E20DCA /* RxSwift */,
			);
			productName = RidingMate;
			productReference = 0FE7E29928547BC9008084E3 /* RidingMate.app */;
			productType = "com.apple.product-type.application";
		};
		0FE7E2AE28547BCB008084E3 /* RidingMateTests */ = {
			isa = PBXNativeTarget;
			buildConfigurationList = 0FE7E2C628547BCB008084E3 /* Build configuration list for PBXNativeTarget "RidingMateTests" */;
			buildPhases = (
				0FE7E2AB28547BCB008084E3 /* Sources */,
				0FE7E2AC28547BCB008084E3 /* Frameworks */,
				0FE7E2AD28547BCB008084E3 /* Resources */,
			);
			buildRules = (
			);
			dependencies = (
				0FE7E2B128547BCB008084E3 /* PBXTargetDependency */,
			);
			name = RidingMateTests;
			productName = RidingMateTests;
			productReference = 0FE7E2AF28547BCB008084E3 /* RidingMateTests.xctest */;
			productType = "com.apple.product-type.bundle.unit-test";
		};
		0FE7E2B828547BCB008084E3 /* RidingMateUITests */ = {
			isa = PBXNativeTarget;
			buildConfigurationList = 0FE7E2C928547BCB008084E3 /* Build configuration list for PBXNativeTarget "RidingMateUITests" */;
			buildPhases = (
				0FE7E2B528547BCB008084E3 /* Sources */,
				0FE7E2B628547BCB008084E3 /* Frameworks */,
				0FE7E2B728547BCB008084E3 /* Resources */,
			);
			buildRules = (
			);
			dependencies = (
				0FE7E2BB28547BCB008084E3 /* PBXTargetDependency */,
			);
			name = RidingMateUITests;
			productName = RidingMateUITests;
			productReference = 0FE7E2B928547BCB008084E3 /* RidingMateUITests.xctest */;
			productType = "com.apple.product-type.bundle.ui-testing";
		};
/* End PBXNativeTarget section */

/* Begin PBXProject section */
		0FE7E29128547BC9008084E3 /* Project object */ = {
			isa = PBXProject;
			attributes = {
				BuildIndependentTargetsInParallel = 1;
				LastSwiftUpdateCheck = 1340;
				LastUpgradeCheck = 1340;
				TargetAttributes = {
					0FE7E29828547BC9008084E3 = {
						CreatedOnToolsVersion = 13.4.1;
					};
					0FE7E2AE28547BCB008084E3 = {
						CreatedOnToolsVersion = 13.4.1;
						TestTargetID = 0FE7E29828547BC9008084E3;
					};
					0FE7E2B828547BCB008084E3 = {
						CreatedOnToolsVersion = 13.4.1;
						TestTargetID = 0FE7E29828547BC9008084E3;
					};
				};
			};
			buildConfigurationList = 0FE7E29428547BC9008084E3 /* Build configuration list for PBXProject "RidingMate" */;
			compatibilityVersion = "Xcode 13.0";
			developmentRegion = en;
			hasScannedForEncodings = 0;
			knownRegions = (
				en,
				Base,
			);
			mainGroup = 0FE7E29028547BC9008084E3;
			packageReferences = (
				0EB01E2A28547FD900E20DCA /* XCRemoteSwiftPackageReference "SnapKit" */,
				0EB01E2D28547FF200E20DCA /* XCRemoteSwiftPackageReference "Alamofire" */,
				0EB01E302854809600E20DCA /* XCRemoteSwiftPackageReference "SwiftLint" */,
				0EB01E33285480AD00E20DCA /* XCRemoteSwiftPackageReference "Kingfisher" */,
				0EB01E36285480D500E20DCA /* XCRemoteSwiftPackageReference "RxSwift" */,
			);
			productRefGroup = 0FE7E29A28547BC9008084E3 /* Products */;
			projectDirPath = "";
			projectRoot = "";
			targets = (
				0FE7E29828547BC9008084E3 /* RidingMate */,
				0FE7E2AE28547BCB008084E3 /* RidingMateTests */,
				0FE7E2B828547BCB008084E3 /* RidingMateUITests */,
			);
		};
/* End PBXProject section */

/* Begin PBXResourcesBuildPhase section */
		0FE7E29728547BC9008084E3 /* Resources */ = {
			isa = PBXResourcesBuildPhase;
			buildActionMask = 2147483647;
			files = (
				0FE7E2A928547BCA008084E3 /* LaunchScreen.storyboard in Resources */,
				0FE7E2A628547BCA008084E3 /* Assets.xcassets in Resources */,
			);
			runOnlyForDeploymentPostprocessing = 0;
		};
		0FE7E2AD28547BCB008084E3 /* Resources */ = {
			isa = PBXResourcesBuildPhase;
			buildActionMask = 2147483647;
			files = (
			);
			runOnlyForDeploymentPostprocessing = 0;
		};
		0FE7E2B728547BCB008084E3 /* Resources */ = {
			isa = PBXResourcesBuildPhase;
			buildActionMask = 2147483647;
			files = (
			);
			runOnlyForDeploymentPostprocessing = 0;
		};
/* End PBXResourcesBuildPhase section */

/* Begin PBXSourcesBuildPhase section */
		0FE7E29528547BC9008084E3 /* Sources */ = {
			isa = PBXSourcesBuildPhase;
			buildActionMask = 2147483647;
			files = (
				0FE7E29D28547BC9008084E3 /* AppDelegate.swift in Sources */,
				0FE7E29F28547BC9008084E3 /* SceneDelegate.swift in Sources */,
			);
			runOnlyForDeploymentPostprocessing = 0;
		};
		0FE7E2AB28547BCB008084E3 /* Sources */ = {
			isa = PBXSourcesBuildPhase;
			buildActionMask = 2147483647;
			files = (
				0FE7E2B428547BCB008084E3 /* RidingMateTests.swift in Sources */,
			);
			runOnlyForDeploymentPostprocessing = 0;
		};
		0FE7E2B528547BCB008084E3 /* Sources */ = {
			isa = PBXSourcesBuildPhase;
			buildActionMask = 2147483647;
			files = (
				0FE7E2C028547BCB008084E3 /* RidingMateUITestsLaunchTests.swift in Sources */,
				0FE7E2BE28547BCB008084E3 /* RidingMateUITests.swift in Sources */,
			);
			runOnlyForDeploymentPostprocessing = 0;
		};
/* End PBXSourcesBuildPhase section */

/* Begin PBXTargetDependency section */
		0FE7E2B128547BCB008084E3 /* PBXTargetDependency */ = {
			isa = PBXTargetDependency;
			target = 0FE7E29828547BC9008084E3 /* RidingMate */;
			targetProxy = 0FE7E2B028547BCB008084E3 /* PBXContainerItemProxy */;
		};
		0FE7E2BB28547BCB008084E3 /* PBXTargetDependency */ = {
			isa = PBXTargetDependency;
			target = 0FE7E29828547BC9008084E3 /* RidingMate */;
			targetProxy = 0FE7E2BA28547BCB008084E3 /* PBXContainerItemProxy */;
		};
/* End PBXTargetDependency section */

/* Begin PBXVariantGroup section */
		0FE7E2A728547BCA008084E3 /* LaunchScreen.storyboard */ = {
			isa = PBXVariantGroup;
			children = (
				0FE7E2A828547BCA008084E3 /* Base */,
			);
			name = LaunchScreen.storyboard;
			sourceTree = "<group>";
		};
/* End PBXVariantGroup section */

/* Begin XCBuildConfiguration section */
		0FE7E2C128547BCB008084E3 /* Debug */ = {
			isa = XCBuildConfiguration;
			buildSettings = {
				ALWAYS_SEARCH_USER_PATHS = NO;
				CLANG_ANALYZER_NONNULL = YES;
				CLANG_ANALYZER_NUMBER_OBJECT_CONVERSION = YES_AGGRESSIVE;
				CLANG_CXX_LANGUAGE_STANDARD = "gnu++17";
				CLANG_ENABLE_MODULES = YES;
				CLANG_ENABLE_OBJC_ARC = YES;
				CLANG_ENABLE_OBJC_WEAK = YES;
				CLANG_WARN_BLOCK_CAPTURE_AUTORELEASING = YES;
				CLANG_WARN_BOOL_CONVERSION = YES;
				CLANG_WARN_COMMA = YES;
				CLANG_WARN_CONSTANT_CONVERSION = YES;
				CLANG_WARN_DEPRECATED_OBJC_IMPLEMENTATIONS = YES;
				CLANG_WARN_DIRECT_OBJC_ISA_USAGE = YES_ERROR;
				CLANG_WARN_DOCUMENTATION_COMMENTS = YES;
				CLANG_WARN_EMPTY_BODY = YES;
				CLANG_WARN_ENUM_CONVERSION = YES;
				CLANG_WARN_INFINITE_RECURSION = YES;
				CLANG_WARN_INT_CONVERSION = YES;
				CLANG_WARN_NON_LITERAL_NULL_CONVERSION = YES;
				CLANG_WARN_OBJC_IMPLICIT_RETAIN_SELF = YES;
				CLANG_WARN_OBJC_LITERAL_CONVERSION = YES;
				CLANG_WARN_OBJC_ROOT_CLASS = YES_ERROR;
				CLANG_WARN_QUOTED_INCLUDE_IN_FRAMEWORK_HEADER = YES;
				CLANG_WARN_RANGE_LOOP_ANALYSIS = YES;
				CLANG_WARN_STRICT_PROTOTYPES = YES;
				CLANG_WARN_SUSPICIOUS_MOVE = YES;
				CLANG_WARN_UNGUARDED_AVAILABILITY = YES_AGGRESSIVE;
				CLANG_WARN_UNREACHABLE_CODE = YES;
				CLANG_WARN__DUPLICATE_METHOD_MATCH = YES;
				COPY_PHASE_STRIP = NO;
				DEBUG_INFORMATION_FORMAT = dwarf;
				ENABLE_STRICT_OBJC_MSGSEND = YES;
				ENABLE_TESTABILITY = YES;
				GCC_C_LANGUAGE_STANDARD = gnu11;
				GCC_DYNAMIC_NO_PIC = NO;
				GCC_NO_COMMON_BLOCKS = YES;
				GCC_OPTIMIZATION_LEVEL = 0;
				GCC_PREPROCESSOR_DEFINITIONS = (
					"DEBUG=1",
					"$(inherited)",
				);
				GCC_WARN_64_TO_32_BIT_CONVERSION = YES;
				GCC_WARN_ABOUT_RETURN_TYPE = YES_ERROR;
				GCC_WARN_UNDECLARED_SELECTOR = YES;
				GCC_WARN_UNINITIALIZED_AUTOS = YES_AGGRESSIVE;
				GCC_WARN_UNUSED_FUNCTION = YES;
				GCC_WARN_UNUSED_VARIABLE = YES;
				IPHONEOS_DEPLOYMENT_TARGET = 13.0;
				MTL_ENABLE_DEBUG_INFO = INCLUDE_SOURCE;
				MTL_FAST_MATH = YES;
				ONLY_ACTIVE_ARCH = YES;
				SDKROOT = iphoneos;
				SWIFT_ACTIVE_COMPILATION_CONDITIONS = DEBUG;
				SWIFT_OPTIMIZATION_LEVEL = "-Onone";
			};
			name = Debug;
		};
		0FE7E2C228547BCB008084E3 /* Release */ = {
			isa = XCBuildConfiguration;
			buildSettings = {
				ALWAYS_SEARCH_USER_PATHS = NO;
				CLANG_ANALYZER_NONNULL = YES;
				CLANG_ANALYZER_NUMBER_OBJECT_CONVERSION = YES_AGGRESSIVE;
				CLANG_CXX_LANGUAGE_STANDARD = "gnu++17";
				CLANG_ENABLE_MODULES = YES;
				CLANG_ENABLE_OBJC_ARC = YES;
				CLANG_ENABLE_OBJC_WEAK = YES;
				CLANG_WARN_BLOCK_CAPTURE_AUTORELEASING = YES;
				CLANG_WARN_BOOL_CONVERSION = YES;
				CLANG_WARN_COMMA = YES;
				CLANG_WARN_CONSTANT_CONVERSION = YES;
				CLANG_WARN_DEPRECATED_OBJC_IMPLEMENTATIONS = YES;
				CLANG_WARN_DIRECT_OBJC_ISA_USAGE = YES_ERROR;
				CLANG_WARN_DOCUMENTATION_COMMENTS = YES;
				CLANG_WARN_EMPTY_BODY = YES;
				CLANG_WARN_ENUM_CONVERSION = YES;
				CLANG_WARN_INFINITE_RECURSION = YES;
				CLANG_WARN_INT_CONVERSION = YES;
				CLANG_WARN_NON_LITERAL_NULL_CONVERSION = YES;
				CLANG_WARN_OBJC_IMPLICIT_RETAIN_SELF = YES;
				CLANG_WARN_OBJC_LITERAL_CONVERSION = YES;
				CLANG_WARN_OBJC_ROOT_CLASS = YES_ERROR;
				CLANG_WARN_QUOTED_INCLUDE_IN_FRAMEWORK_HEADER = YES;
				CLANG_WARN_RANGE_LOOP_ANALYSIS = YES;
				CLANG_WARN_STRICT_PROTOTYPES = YES;
				CLANG_WARN_SUSPICIOUS_MOVE = YES;
				CLANG_WARN_UNGUARDED_AVAILABILITY = YES_AGGRESSIVE;
				CLANG_WARN_UNREACHABLE_CODE = YES;
				CLANG_WARN__DUPLICATE_METHOD_MATCH = YES;
				COPY_PHASE_STRIP = NO;
				DEBUG_INFORMATION_FORMAT = "dwarf-with-dsym";
				ENABLE_NS_ASSERTIONS = NO;
				ENABLE_STRICT_OBJC_MSGSEND = YES;
				GCC_C_LANGUAGE_STANDARD = gnu11;
				GCC_NO_COMMON_BLOCKS = YES;
				GCC_WARN_64_TO_32_BIT_CONVERSION = YES;
				GCC_WARN_ABOUT_RETURN_TYPE = YES_ERROR;
				GCC_WARN_UNDECLARED_SELECTOR = YES;
				GCC_WARN_UNINITIALIZED_AUTOS = YES_AGGRESSIVE;
				GCC_WARN_UNUSED_FUNCTION = YES;
				GCC_WARN_UNUSED_VARIABLE = YES;
				IPHONEOS_DEPLOYMENT_TARGET = 13.0;
				MTL_ENABLE_DEBUG_INFO = NO;
				MTL_FAST_MATH = YES;
				SDKROOT = iphoneos;
				SWIFT_COMPILATION_MODE = wholemodule;
				SWIFT_OPTIMIZATION_LEVEL = "-O";
				VALIDATE_PRODUCT = YES;
			};
			name = Release;
		};
		0FE7E2C428547BCB008084E3 /* Debug */ = {
			isa = XCBuildConfiguration;
			buildSettings = {
				ASSETCATALOG_COMPILER_APPICON_NAME = AppIcon;
				ASSETCATALOG_COMPILER_GLOBAL_ACCENT_COLOR_NAME = AccentColor;
				CODE_SIGN_STYLE = Automatic;
				CURRENT_PROJECT_VERSION = 1;
				DEVELOPMENT_TEAM = M6FL2MH4H7;
				GENERATE_INFOPLIST_FILE = YES;
				INFOPLIST_FILE = RidingMate/Info.plist;
				INFOPLIST_KEY_UIApplicationSupportsIndirectInputEvents = YES;
				INFOPLIST_KEY_UILaunchStoryboardName = LaunchScreen;
				INFOPLIST_KEY_UISupportedInterfaceOrientations_iPad = "UIInterfaceOrientationPortrait UIInterfaceOrientationPortraitUpsideDown UIInterfaceOrientationLandscapeLeft UIInterfaceOrientationLandscapeRight";
				INFOPLIST_KEY_UISupportedInterfaceOrientations_iPhone = "UIInterfaceOrientationPortrait UIInterfaceOrientationLandscapeLeft UIInterfaceOrientationLandscapeRight";
				IPHONEOS_DEPLOYMENT_TARGET = 13.0;
				LD_RUNPATH_SEARCH_PATHS = (
					"$(inherited)",
					"@executable_path/Frameworks",
				);
				MARKETING_VERSION = 1.0;
				PRODUCT_BUNDLE_IDENTIFIER = com.rmc.RidingMate;
				PRODUCT_NAME = "$(TARGET_NAME)";
				SWIFT_EMIT_LOC_STRINGS = YES;
				SWIFT_VERSION = 5.0;
				TARGETED_DEVICE_FAMILY = 1;
			};
			name = Debug;
		};
		0FE7E2C528547BCB008084E3 /* Release */ = {
			isa = XCBuildConfiguration;
			buildSettings = {
				ASSETCATALOG_COMPILER_APPICON_NAME = AppIcon;
				ASSETCATALOG_COMPILER_GLOBAL_ACCENT_COLOR_NAME = AccentColor;
				CODE_SIGN_STYLE = Automatic;
				CURRENT_PROJECT_VERSION = 1;
				DEVELOPMENT_TEAM = M6FL2MH4H7;
				GENERATE_INFOPLIST_FILE = YES;
				INFOPLIST_FILE = RidingMate/Info.plist;
				INFOPLIST_KEY_UIApplicationSupportsIndirectInputEvents = YES;
				INFOPLIST_KEY_UILaunchStoryboardName = LaunchScreen;
				INFOPLIST_KEY_UISupportedInterfaceOrientations_iPad = "UIInterfaceOrientationPortrait UIInterfaceOrientationPortraitUpsideDown UIInterfaceOrientationLandscapeLeft UIInterfaceOrientationLandscapeRight";
				INFOPLIST_KEY_UISupportedInterfaceOrientations_iPhone = "UIInterfaceOrientationPortrait UIInterfaceOrientationLandscapeLeft UIInterfaceOrientationLandscapeRight";
				IPHONEOS_DEPLOYMENT_TARGET = 13.0;
				LD_RUNPATH_SEARCH_PATHS = (
					"$(inherited)",
					"@executable_path/Frameworks",
				);
				MARKETING_VERSION = 1.0;
				PRODUCT_BUNDLE_IDENTIFIER = com.rmc.RidingMate;
				PRODUCT_NAME = "$(TARGET_NAME)";
				SWIFT_EMIT_LOC_STRINGS = YES;
				SWIFT_VERSION = 5.0;
				TARGETED_DEVICE_FAMILY = 1;
			};
			name = Release;
		};
		0FE7E2C728547BCB008084E3 /* Debug */ = {
			isa = XCBuildConfiguration;
			buildSettings = {
				ALWAYS_EMBED_SWIFT_STANDARD_LIBRARIES = YES;
				BUNDLE_LOADER = "$(TEST_HOST)";
				CODE_SIGN_STYLE = Automatic;
				CURRENT_PROJECT_VERSION = 1;
				DEVELOPMENT_TEAM = M6FL2MH4H7;
				GENERATE_INFOPLIST_FILE = YES;
				IPHONEOS_DEPLOYMENT_TARGET = 15.5;
				MARKETING_VERSION = 1.0;
				PRODUCT_BUNDLE_IDENTIFIER = com.rmc.RidingMate.RidingMateTests;
				PRODUCT_NAME = "$(TARGET_NAME)";
				SWIFT_EMIT_LOC_STRINGS = NO;
				SWIFT_VERSION = 5.0;
				TARGETED_DEVICE_FAMILY = "1,2";
				TEST_HOST = "$(BUILT_PRODUCTS_DIR)/RidingMate.app/RidingMate";
			};
			name = Debug;
		};
		0FE7E2C828547BCB008084E3 /* Release */ = {
			isa = XCBuildConfiguration;
			buildSettings = {
				ALWAYS_EMBED_SWIFT_STANDARD_LIBRARIES = YES;
				BUNDLE_LOADER = "$(TEST_HOST)";
				CODE_SIGN_STYLE = Automatic;
				CURRENT_PROJECT_VERSION = 1;
				DEVELOPMENT_TEAM = M6FL2MH4H7;
				GENERATE_INFOPLIST_FILE = YES;
				IPHONEOS_DEPLOYMENT_TARGET = 15.5;
				MARKETING_VERSION = 1.0;
				PRODUCT_BUNDLE_IDENTIFIER = com.rmc.RidingMate.RidingMateTests;
				PRODUCT_NAME = "$(TARGET_NAME)";
				SWIFT_EMIT_LOC_STRINGS = NO;
				SWIFT_VERSION = 5.0;
				TARGETED_DEVICE_FAMILY = "1,2";
				TEST_HOST = "$(BUILT_PRODUCTS_DIR)/RidingMate.app/RidingMate";
			};
			name = Release;
		};
		0FE7E2CA28547BCB008084E3 /* Debug */ = {
			isa = XCBuildConfiguration;
			buildSettings = {
				ALWAYS_EMBED_SWIFT_STANDARD_LIBRARIES = YES;
				CODE_SIGN_STYLE = Automatic;
				CURRENT_PROJECT_VERSION = 1;
				DEVELOPMENT_TEAM = M6FL2MH4H7;
				GENERATE_INFOPLIST_FILE = YES;
				MARKETING_VERSION = 1.0;
				PRODUCT_BUNDLE_IDENTIFIER = com.rmc.RidingMate.RidingMateUITests;
				PRODUCT_NAME = "$(TARGET_NAME)";
				SWIFT_EMIT_LOC_STRINGS = NO;
				SWIFT_VERSION = 5.0;
				TARGETED_DEVICE_FAMILY = "1,2";
				TEST_TARGET_NAME = RidingMate;
			};
			name = Debug;
		};
		0FE7E2CB28547BCB008084E3 /* Release */ = {
			isa = XCBuildConfiguration;
			buildSettings = {
				ALWAYS_EMBED_SWIFT_STANDARD_LIBRARIES = YES;
				CODE_SIGN_STYLE = Automatic;
				CURRENT_PROJECT_VERSION = 1;
				DEVELOPMENT_TEAM = M6FL2MH4H7;
				GENERATE_INFOPLIST_FILE = YES;
				MARKETING_VERSION = 1.0;
				PRODUCT_BUNDLE_IDENTIFIER = com.rmc.RidingMate.RidingMateUITests;
				PRODUCT_NAME = "$(TARGET_NAME)";
				SWIFT_EMIT_LOC_STRINGS = NO;
				SWIFT_VERSION = 5.0;
				TARGETED_DEVICE_FAMILY = "1,2";
				TEST_TARGET_NAME = RidingMate;
			};
			name = Release;
		};
/* End XCBuildConfiguration section */

/* Begin XCConfigurationList section */
		0FE7E29428547BC9008084E3 /* Build configuration list for PBXProject "RidingMate" */ = {
			isa = XCConfigurationList;
			buildConfigurations = (
				0FE7E2C128547BCB008084E3 /* Debug */,
				0FE7E2C228547BCB008084E3 /* Release */,
			);
			defaultConfigurationIsVisible = 0;
			defaultConfigurationName = Release;
		};
		0FE7E2C328547BCB008084E3 /* Build configuration list for PBXNativeTarget "RidingMate" */ = {
			isa = XCConfigurationList;
			buildConfigurations = (
				0FE7E2C428547BCB008084E3 /* Debug */,
				0FE7E2C528547BCB008084E3 /* Release */,
			);
			defaultConfigurationIsVisible = 0;
			defaultConfigurationName = Release;
		};
		0FE7E2C628547BCB008084E3 /* Build configuration list for PBXNativeTarget "RidingMateTests" */ = {
			isa = XCConfigurationList;
			buildConfigurations = (
				0FE7E2C728547BCB008084E3 /* Debug */,
				0FE7E2C828547BCB008084E3 /* Release */,
			);
			defaultConfigurationIsVisible = 0;
			defaultConfigurationName = Release;
		};
		0FE7E2C928547BCB008084E3 /* Build configuration list for PBXNativeTarget "RidingMateUITests" */ = {
			isa = XCConfigurationList;
			buildConfigurations = (
				0FE7E2CA28547BCB008084E3 /* Debug */,
				0FE7E2CB28547BCB008084E3 /* Release */,
			);
			defaultConfigurationIsVisible = 0;
			defaultConfigurationName = Release;
		};
/* End XCConfigurationList section */

/* Begin XCRemoteSwiftPackageReference section */
		0EB01E2A28547FD900E20DCA /* XCRemoteSwiftPackageReference "SnapKit" */ = {
			isa = XCRemoteSwiftPackageReference;
			repositoryURL = "https://github.com/SnapKit/SnapKit";
			requirement = {
				kind = upToNextMajorVersion;
				minimumVersion = 5.0.0;
			};
		};
		0EB01E2D28547FF200E20DCA /* XCRemoteSwiftPackageReference "Alamofire" */ = {
			isa = XCRemoteSwiftPackageReference;
			repositoryURL = "https://github.com/Alamofire/Alamofire";
			requirement = {
				kind = upToNextMajorVersion;
				minimumVersion = 5.0.0;
			};
		};
		0EB01E302854809600E20DCA /* XCRemoteSwiftPackageReference "SwiftLint" */ = {
			isa = XCRemoteSwiftPackageReference;
			repositoryURL = "https://github.com/realm/SwiftLint";
			requirement = {
				kind = upToNextMajorVersion;
				minimumVersion = 0.9.2;
			};
		};
		0EB01E33285480AD00E20DCA /* XCRemoteSwiftPackageReference "Kingfisher" */ = {
			isa = XCRemoteSwiftPackageReference;
			repositoryURL = "https://github.com/onevcat/Kingfisher";
			requirement = {
				kind = upToNextMajorVersion;
				minimumVersion = 7.0.0;
			};
		};
		0EB01E36285480D500E20DCA /* XCRemoteSwiftPackageReference "RxSwift" */ = {
			isa = XCRemoteSwiftPackageReference;
			repositoryURL = "https://github.com/ReactiveX/RxSwift";
			requirement = {
				kind = upToNextMajorVersion;
				minimumVersion = 6.0.0;
			};
		};
/* End XCRemoteSwiftPackageReference section */

/* Begin XCSwiftPackageProductDependency section */
		0EB01E2B28547FD900E20DCA /* SnapKit */ = {
			isa = XCSwiftPackageProductDependency;
			package = 0EB01E2A28547FD900E20DCA /* XCRemoteSwiftPackageReference "SnapKit" */;
			productName = SnapKit;
		};
		0EB01E2E28547FF200E20DCA /* Alamofire */ = {
			isa = XCSwiftPackageProductDependency;
			package = 0EB01E2D28547FF200E20DCA /* XCRemoteSwiftPackageReference "Alamofire" */;
			productName = Alamofire;
		};
		0EB01E312854809600E20DCA /* swiftlint */ = {
			isa = XCSwiftPackageProductDependency;
			package = 0EB01E302854809600E20DCA /* XCRemoteSwiftPackageReference "SwiftLint" */;
			productName = swiftlint;
		};
		0EB01E34285480AD00E20DCA /* Kingfisher */ = {
			isa = XCSwiftPackageProductDependency;
			package = 0EB01E33285480AD00E20DCA /* XCRemoteSwiftPackageReference "Kingfisher" */;
			productName = Kingfisher;
		};
		0EB01E37285480D500E20DCA /* RxCocoa */ = {
			isa = XCSwiftPackageProductDependency;
			package = 0EB01E36285480D500E20DCA /* XCRemoteSwiftPackageReference "RxSwift" */;
			productName = RxCocoa;
		};
		0EB01E39285480D500E20DCA /* RxRelay */ = {
			isa = XCSwiftPackageProductDependency;
			package = 0EB01E36285480D500E20DCA /* XCRemoteSwiftPackageReference "RxSwift" */;
			productName = RxRelay;
		};
		0EB01E3B285480D600E20DCA /* RxSwift */ = {
			isa = XCSwiftPackageProductDependency;
			package = 0EB01E36285480D500E20DCA /* XCRemoteSwiftPackageReference "RxSwift" */;
			productName = RxSwift;
		};
/* End XCSwiftPackageProductDependency section */
	};
	rootObject = 0FE7E29128547BC9008084E3 /* Project object */;
}
